// !$*UTF8*$!
{
 archiveVersion = 1;
 classes = { };
 objectVersion = 56;
 objects = {

/* Begin PBXBuildFile section */
		A00000010000000000000001 = {isa = PBXBuildFile; fileRef = A00000020000000000000001; };
		A00000010000000000000002 = {isa = PBXBuildFile; fileRef = A00000030000000000000001; };
		A00000010000000000000003 = {isa = PBXBuildFile; fileRef = A00000040000000000000001; };
/* End PBXBuildFile section */

/* Begin PBXFileReference section */
		A00000020000000000000001 = {isa = PBXFileReference; lastKnownFileType = sourcecode.swift; path = GymProApp.swift; sourceTree = "<group>"; };
		A00000030000000000000001 = {isa = PBXFileReference; lastKnownFileType = sourcecode.swift; path = Models.swift; sourceTree = "<group>"; };
		A00000040000000000000001 = {isa = PBXFileReference; lastKnownFileType = sourcecode.swift; path = ContentView.swift; sourceTree = "<group>"; };
		A00000050000000000000001 = {isa = PBXFileReference; explicitFileType = wrapper.application; includeInIndex = 0; path = GymPro.app; sourceTree = BUILT_PRODUCTS_DIR; };
/* End PBXFileReference section */

/* Begin PBXFrameworksBuildPhase section */
		A00000060000000000000001 = {
			isa = PBXFrameworksBuildPhase;
			buildActionMask = 2147483647;
			files = ();
			runOnlyForDeploymentPostprocessing = 0;
		};
/* End PBXFrameworksBuildPhase section */

/* Begin PBXGroup section */
		A00000070000000000000001 = {
			isa = PBXGroup;
			children = (
				A00000080000000000000001,
				A00000090000000000000001,
			);
			sourceTree = "<group>";
		};
		A00000080000000000000001 = {
			isa = PBXGroup;
			children = (
				A00000020000000000000001,
				A00000030000000000000001,
				A00000040000000000000001,
			);
			path = GymPro;
			sourceTree = "<group>";
		};
		A00000090000000000000001 = {
			isa = PBXGroup;
			children = ( A00000050000000000000001, );
			name = Products;
			sourceTree = "<group>";
		};
/* End PBXGroup section */

/* Begin PBXNativeTarget section */
		A00000100000000000000001 = {
			isa = PBXNativeTarget;
			buildConfigurationList = A00000110000000000000001;
			buildPhases = (
				A00000120000000000000001,
				A00000060000000000000001,
				A00000130000000000000001,
			);
			buildRules = ();
			dependencies = ();
			name = GymPro;
			productName = GymPro;
			productReference = A00000050000000000000001;
			productType = "com.apple.product-type.application";
		};
/* End PBXNativeTarget section */

/* Begin PBXProject section */
		A00000140000000000000001 = {
			isa = PBXProject;
			attributes = { LastUpgradeCheck = 1600; };
			buildConfigurationList = A00000150000000000000001;
			compatibilityVersion = "Xcode 14.0";
			developmentRegion = en;
			hasScannedForEncodings = 0;
			knownRegions = ( en, Base, );
			mainGroup = A00000070000000000000001;
			productRefGroup = A00000090000000000000001;
			projectDirPath = "";
			projectRoot = "";
			targets = ( A00000100000000000000001, );
		};
/* End PBXProject section */

/* Begin PBXSourcesBuildPhase section */
		A00000120000000000000001 = {
			isa = PBXSourcesBuildPhase;
			buildActionMask = 2147483647;
			files = (
				A00000010000000000000001,
				A00000020000000000000002,
				A00000030000000000000003,
			);
			runOnlyForDeploymentPostprocessing = 0;
		};
/* End PBXSourcesBuildPhase section */

/* Begin PBXResourcesBuildPhase section */
		A00000130000000000000001 = {
			isa = PBXResourcesBuildPhase;
			buildActionMask = 2147483647;
			files = ();
			runOnlyForDeploymentPostprocessing = 0;
		};
/* End PBXResourcesBuildPhase section */

/* Begin XCBuildConfiguration section */
		A00000200000000000000001 = {
			isa = XCBuildConfiguration;
			buildSettings = {
				ASSETCATALOG_COMPILER_APPICON_NAME = "";
				CLANG_ENABLE_MODULES = YES;
				CODE_SIGN_STYLE = Automatic;
				CURRENT_PROJECT_VERSION = 1;
				DEVELOPMENT_TEAM = "";
				GENERATE_INFOPLIST_FILE = YES;
				INFOPLIST_KEY_CFBundleDisplayName = "GYM PRO";
				INFOPLIST_KEY_LSApplicationCategoryType = "public.app-category.healthcare-fitness";
				IPHONEOS_DEPLOYMENT_TARGET = 17.0;
				LD_RUNPATH_SEARCH_PATHS = "$(inherited) @executable_path/Frameworks";
				MARKETING_VERSION = 1.0;
				PRODUCT_BUNDLE_IDENTIFIER = "com.example.GymPro";
				PRODUCT_NAME = "$(TARGET_NAME)";
				SWIFT_EMIT_LOC_STRINGS = YES;
				SWIFT_VERSION = 5.0;
				TARGETED_DEVICE_FAMILY = "1,2";
			};
			name = Debug;
		};
		A00000200000000000000002 = {
			isa = XCBuildConfiguration;
			buildSettings = {
				ASSETCATALOG_COMPILER_APPICON_NAME = "";
				CLANG_ENABLE_MODULES = YES;
				CODE_SIGN_STYLE = Automatic;
				CURRENT_PROJECT_VERSION = 1;
				DEVELOPMENT_TEAM = "";
				GENERATE_INFOPLIST_FILE = YES;
				INFOPLIST_KEY_CFBundleDisplayName = "GYM PRO";
				INFOPLIST_KEY_LSApplicationCategoryType = "public.app-category.healthcare-fitness";
				IPHONEOS_DEPLOYMENT_TARGET = 17.0;
				LD_RUNPATH_SEARCH_PATHS = "$(inherited) @executable_path/Frameworks";
				MARKETING_VERSION = 1.0;
				PRODUCT_BUNDLE_IDENTIFIER = "com.example.GymPro";
				PRODUCT_NAME = "$(TARGET_NAME)";
				SWIFT_EMIT_LOC_STRINGS = YES;
				SWIFT_VERSION = 5.0;
				TARGETED_DEVICE_FAMILY = "1,2";
			};
			name = Release;
		};
		A00000210000000000000001 = {
			isa = XCBuildConfiguration;
			buildSettings = { };
			name = Debug;
		};
		A00000210000000000000002 = {
			isa = XCBuildConfiguration;
			buildSettings = { };
			name = Release;
		};
/* End XCBuildConfiguration section */

/* Begin XCConfigurationList section */
		A00000110000000000000001 = {
			isa = XCConfigurationList;
			buildConfigurations = ( A00000200000000000000001, A00000200000000000000002, );
			defaultConfigurationIsVisible = 0;
			defaultConfigurationName = Release;
		};
		A00000150000000000000001 = {
			isa = XCConfigurationList;
			buildConfigurations = ( A00000210000000000000001, A00000210000000000000002, );
			defaultConfigurationIsVisible = 0;
			defaultConfigurationName = Release;
		};
/* End XCConfigurationList section */
	};
	rootObject = A00000140000000000000001;
}
